
Microsoft Visual Studio Solution File, Format Version 12.00
# Visual Studio 14
VisualStudioVersion = 14.0.24720.0
MinimumVisualStudioVersion = 10.0.40219.1
Project("{FAE04EC0-301F-11D3-BF4B-00C04F79EFBC}") = "Android_Wifi_Test", "Android_Wifi_Test\Android_Wifi_Test.csproj", "{A3AB6D97-0E24-4FF7-B900-09D749097DBF}"
EndProject
Global
	GlobalSection(SolutionConfigurationPlatforms) = preSolution
		Debug|Any CPU = Debug|Any CPU
		Release|Any CPU = Release|Any CPU
	EndGlobalSection
	GlobalSection(ProjectConfigurationPlatforms) = postSolution
		{A3AB6D97-0E24-4FF7-B900-09D749097DBF}.Debug|Any CPU.ActiveCfg = Debug|Any CPU
		{A3AB6D97-0E24-4FF7-B900-09D749097DBF}.Debug|Any CPU.Build.0 = Debug|Any CPU
		{A3AB6D97-0E24-4FF7-B900-09D749097DBF}.Debug|Any CPU.Deploy.0 = Debug|Any CPU
		{A3AB6D97-0E24-4FF7-B900-09D749097DBF}.Release|Any CPU.ActiveCfg = Release|Any CPU
		{A3AB6D97-0E24-4FF7-B900-09D749097DBF}.Release|Any CPU.Build.0 = Release|Any CPU
		{A3AB6D97-0E24-4FF7-B900-09D749097DBF}.Release|Any CPU.Deploy.0 = Release|Any CPU
	EndGlobalSection
	GlobalSection(SolutionProperties) = preSolution
		HideSolutionNode = FALSE
	EndGlobalSection
EndGlobal
